{
  "requires": true,
  "lockfileVersion": 1,
  "dependencies": {
    "laravel-echo": {
      "version": "1.13.1",
      "resolved": "https://registry.npmjs.org/laravel-echo/-/laravel-echo-1.13.1.tgz",
      "integrity": "sha512-tvJtbE0ppEwlO/rcFyN1JCLunDUG5pIVFWORSCkzkGEcJQzB+Eevs9PpIvsMtkz2JTNbUPHU+5GSkSh1/TIr4A=="
    },
    "pusher-js": {
      "version": "7.3.0",
      "resolved": "https://registry.npmjs.org/pusher-js/-/pusher-js-7.3.0.tgz",
      "integrity": "sha512-N7uFRZGK6PKFfKd8e1aKsQ81OrilATGNhIbj42xJKmK+3zhstGBCQ110ZiF2nIngPTEKxQQqf15SJsVnQfNuqQ==",
      "requires": {
        "tweetnacl": "^1.0.3"
      }
    },
    "tweetnacl": {
      "version": "1.0.3",
      "resolved": "https://registry.npmjs.org/tweetnacl/-/tweetnacl-1.0.3.tgz",
      "integrity": "sha512-6rt+RN7aOi1nGMyC4Xa5DdYiukl2UWCbcJft7YhxReBGQD7OAM8Pbxw6YMo4r2diNEA8FEmu32YOn9rhaiE5yw=="
    }
  }
}
